
Microsoft Visual Studio Solution File, Format Version 12.00
# Visual Studio Version 17
VisualStudioVersion = 17.6.33829.357
MinimumVisualStudioVersion = 10.0.40219.1
Project("{9A19103F-16F7-4668-BE54-9A1E7A4F7556}") = "SkillDataTool", "SkillDataTool\SkillDataTool.csproj", "{21DD165D-C116-4C7D-807C-F5E6DFB1C8BB}"
EndProject
Global
	GlobalSection(SolutionConfigurationPlatforms) = preSolution
		Debug|Any CPU = Debug|Any CPU
		Debug|x64 = Debug|x64
		Release|Any CPU = Release|Any CPU
		Release|x64 = Release|x64
	EndGlobalSection
	GlobalSection(ProjectConfigurationPlatforms) = postSolution
		{21DD165D-C116-4C7D-807C-F5E6DFB1C8BB}.Debug|Any CPU.ActiveCfg = Debug|Any CPU
		{21DD165D-C116-4C7D-807C-F5E6DFB1C8BB}.Debug|Any CPU.Build.0 = Debug|Any CPU
		{21DD165D-C116-4C7D-807C-F5E6DFB1C8BB}.Debug|x64.ActiveCfg = Debug|x64
		{21DD165D-C116-4C7D-807C-F5E6DFB1C8BB}.Debug|x64.Build.0 = Debug|x64
		{21DD165D-C116-4C7D-807C-F5E6DFB1C8BB}.Release|Any CPU.ActiveCfg = Release|Any CPU
		{21DD165D-C116-4C7D-807C-F5E6DFB1C8BB}.Release|Any CPU.Build.0 = Release|Any CPU
		{21DD165D-C116-4C7D-807C-F5E6DFB1C8BB}.Release|x64.ActiveCfg = Release|x64
		{21DD165D-C116-4C7D-807C-F5E6DFB1C8BB}.Release|x64.Build.0 = Release|x64
	EndGlobalSection
	GlobalSection(SolutionProperties) = preSolution
		HideSolutionNode = FALSE
	EndGlobalSection
	GlobalSection(ExtensibilityGlobals) = postSolution
		SolutionGuid = {67CFF115-CACD-47A5-B6A8-38A604214836}
	EndGlobalSection
EndGlobal
